
Microsoft Visual Studio Solution File, Format Version 12.00
# Visual Studio Version 17
VisualStudioVersion = 17.8.34330.188
MinimumVisualStudioVersion = 10.0.40219.1
Project("{FAE04EC0-301F-11D3-BF4B-00C04F79EFBC}") = "WebApplication2", "WebApplication2\WebApplication2.csproj", "{3AB22DF4-3B80-49EE-B3F7-BE00F3D4E348}"
EndProject
Global
	GlobalSection(SolutionConfigurationPlatforms) = preSolution
		Debug|Any CPU = Debug|Any CPU
		Release|Any CPU = Release|Any CPU
	EndGlobalSection
	GlobalSection(ProjectConfigurationPlatforms) = postSolution
		{3AB22DF4-3B80-49EE-B3F7-BE00F3D4E348}.Debug|Any CPU.ActiveCfg = Debug|Any CPU
		{3AB22DF4-3B80-49EE-B3F7-BE00F3D4E348}.Debug|Any CPU.Build.0 = Debug|Any CPU
		{3AB22DF4-3B80-49EE-B3F7-BE00F3D4E348}.Release|Any CPU.ActiveCfg = Release|Any CPU
		{3AB22DF4-3B80-49EE-B3F7-BE00F3D4E348}.Release|Any CPU.Build.0 = Release|Any CPU
	EndGlobalSection
	GlobalSection(SolutionProperties) = preSolution
		HideSolutionNode = FALSE
	EndGlobalSection
	GlobalSection(ExtensibilityGlobals) = postSolution
		SolutionGuid = {46D6EC40-A072-4343-A26D-73AA6A47A1BD}
	EndGlobalSection
EndGlobal
